
Microsoft Visual Studio Solution File, Format Version 12.00
# Visual Studio Version 16
VisualStudioVersion = 16.0.29519.87
MinimumVisualStudioVersion = 10.0.40219.1
Project("{FAE04EC0-301F-11D3-BF4B-00C04F79EFBC}") = "RangeTests", "RangeTests\RangeTests.csproj", "{02CF02BD-058C-4915-A11C-B10479056797}"
EndProject
Global
	GlobalSection(SolutionConfigurationPlatforms) = preSolution
		Debug|Any CPU = Debug|Any CPU
		Release|Any CPU = Release|Any CPU
	EndGlobalSection
	GlobalSection(ProjectConfigurationPlatforms) = postSolution
		{02CF02BD-058C-4915-A11C-B10479056797}.Debug|Any CPU.ActiveCfg = Debug|Any CPU
		{02CF02BD-058C-4915-A11C-B10479056797}.Debug|Any CPU.Build.0 = Debug|Any CPU
		{02CF02BD-058C-4915-A11C-B10479056797}.Release|Any CPU.ActiveCfg = Release|Any CPU
		{02CF02BD-058C-4915-A11C-B10479056797}.Release|Any CPU.Build.0 = Release|Any CPU
	EndGlobalSection
	GlobalSection(SolutionProperties) = preSolution
		HideSolutionNode = FALSE
	EndGlobalSection
	GlobalSection(ExtensibilityGlobals) = postSolution
		SolutionGuid = {68898E56-52AE-4033-90FD-D646EE29D814}
	EndGlobalSection
EndGlobal
